{
  "name": "wse-cc",
  "version": "3.0.5",
  "lockfileVersion": 1,
  "requires": true,
  "dependencies": {
    "eventemitter3": {
      "version": "4.0.7",
      "resolved": "https://registry.npmjs.org/eventemitter3/-/eventemitter3-4.0.7.tgz",
      "integrity": "sha512-8guHBZCwKnFhYdHr2ysuRWErTwhoN2X8XELRlrRwpmfeY2jjuUN4taQMsULKUVo1K4DvZl+0pgfyoysHxvmvEw=="
    },
    "isomorphic-ws": {
      "version": "4.0.1",
      "resolved": "https://registry.npmjs.org/isomorphic-ws/-/isomorphic-ws-4.0.1.tgz",
      "integrity": "sha512-BhBvN2MBpWTaSHdWRb/bwdZJ1WaehQ2L1KngkCkfLUGF0mAWAT1sQUQacEmQ0jXkFw/czDXPNQSL5u2/Krsz1w=="
    },
    "ws": {
      "version": "7.3.1",
      "resolved": "https://registry.npmjs.org/ws/-/ws-7.3.1.tgz",
      "integrity": "sha512-D3RuNkynyHmEJIpD2qrgVkc9DQ23OrN/moAwZX4L8DfvszsJxpjQuUq3LMx6HoYji9fbIOBY18XWBsAux1ZZUA=="
    },
    "wse": {
      "version": "2.0.4",
      "resolved": "https://registry.npmjs.org/wse/-/wse-2.0.4.tgz",
      "integrity": "sha512-KTdMT12nRPlHgqolXj6kho5ES9KwbIiDBIE4IB46f3jLnNmhxN6wiSV0MbXsY6UqR7VjWSYBH0zC9DM5yWl/eQ==",
      "requires": {
        "eventemitter3": "^4.0.0",
        "isomorphic-ws": "^4.0.1",
        "ws": "^7.2.1"
      }
    }
  }
}
